Microsoft Visual Studio Solution File, Format Version 12.00
# Visual Studio Version 17
VisualStudioVersion = 17.5.2.0
MinimumVisualStudioVersion = 10.0.40219.1
Project("{2150E333-8FDC-42A3-9474-1A3956D46DE8}") = "backend", "backend", "{1AE8ACA6-933B-BF2A-3671-3E2EAC007D16}"
EndProject
Project("{FAE04EC0-301F-11D3-BF4B-00C04F79EFBC}") = "BudgetTracker.API", "backend\BudgetTracker.API\BudgetTracker.API.csproj", "{9E6FE019-47D3-2331-D480-D411C522B56E}"
EndProject
Project("{FAE04EC0-301F-11D3-BF4B-00C04F79EFBC}") = "BudgetTracker.Tests", "backend\BudgetTracker.Tests\BudgetTracker.Tests.csproj", "{1A211D7F-E80D-2637-0185-B143974AD076}"
EndProject
Project("{FAE04EC0-301F-11D3-BF4B-00C04F79EFBC}") = "BudgetTracker.Application", "backend\BudgetTracker.Application\BudgetTracker.Application.csproj", "{6B6AF88B-53DF-6A5E-1AD8-60D8F5808D14}"
EndProject
Project("{FAE04EC0-301F-11D3-BF4B-00C04F79EFBC}") = "BudgetTracker.Domain", "backend\BudgetTracker.Domain\BudgetTracker.Domain.csproj", "{D2B1FD86-F179-C3ED-DD2A-CD72036E8EEA}"
EndProject
Project("{FAE04EC0-301F-11D3-BF4B-00C04F79EFBC}") = "BudgetTracker.Infrastructure", "backend\BudgetTracker.Infrastructure\BudgetTracker.Infrastructure.csproj", "{AC924051-8136-D356-255F-6C31EE0CFA04}"
EndProject
Global
	GlobalSection(SolutionConfigurationPlatforms) = preSolution
		Debug|Any CPU = Debug|Any CPU
		Release|Any CPU = Release|Any CPU
	EndGlobalSection
	GlobalSection(ProjectConfigurationPlatforms) = postSolution
		{9E6FE019-47D3-2331-D480-D411C522B56E}.Debug|Any CPU.ActiveCfg = Debug|Any CPU
		{9E6FE019-47D3-2331-D480-D411C522B56E}.Debug|Any CPU.Build.0 = Debug|Any CPU
		{9E6FE019-47D3-2331-D480-D411C522B56E}.Release|Any CPU.ActiveCfg = Release|Any CPU
		{9E6FE019-47D3-2331-D480-D411C522B56E}.Release|Any CPU.Build.0 = Release|Any CPU
		{1A211D7F-E80D-2637-0185-B143974AD076}.Debug|Any CPU.ActiveCfg = Debug|Any CPU
		{1A211D7F-E80D-2637-0185-B143974AD076}.Debug|Any CPU.Build.0 = Debug|Any CPU
		{1A211D7F-E80D-2637-0185-B143974AD076}.Release|Any CPU.ActiveCfg = Release|Any CPU
		{1A211D7F-E80D-2637-0185-B143974AD076}.Release|Any CPU.Build.0 = Release|Any CPU
		{6B6AF88B-53DF-6A5E-1AD8-60D8F5808D14}.Debug|Any CPU.ActiveCfg = Debug|Any CPU
		{6B6AF88B-53DF-6A5E-1AD8-60D8F5808D14}.Debug|Any CPU.Build.0 = Debug|Any CPU
		{6B6AF88B-53DF-6A5E-1AD8-60D8F5808D14}.Release|Any CPU.ActiveCfg = Release|Any CPU
		{6B6AF88B-53DF-6A5E-1AD8-60D8F5808D14}.Release|Any CPU.Build.0 = Release|Any CPU
		{D2B1FD86-F179-C3ED-DD2A-CD72036E8EEA}.Debug|Any CPU.ActiveCfg = Debug|Any CPU
		{D2B1FD86-F179-C3ED-DD2A-CD72036E8EEA}.Debug|Any CPU.Build.0 = Debug|Any CPU
		{D2B1FD86-F179-C3ED-DD2A-CD72036E8EEA}.Release|Any CPU.ActiveCfg = Release|Any CPU
		{D2B1FD86-F179-C3ED-DD2A-CD72036E8EEA}.Release|Any CPU.Build.0 = Release|Any CPU
		{AC924051-8136-D356-255F-6C31EE0CFA04}.Debug|Any CPU.ActiveCfg = Debug|Any CPU
		{AC924051-8136-D356-255F-6C31EE0CFA04}.Debug|Any CPU.Build.0 = Debug|Any CPU
		{AC924051-8136-D356-255F-6C31EE0CFA04}.Release|Any CPU.ActiveCfg = Release|Any CPU
		{AC924051-8136-D356-255F-6C31EE0CFA04}.Release|Any CPU.Build.0 = Release|Any CPU
	EndGlobalSection
	GlobalSection(SolutionProperties) = preSolution
		HideSolutionNode = FALSE
	EndGlobalSection
	GlobalSection(NestedProjects) = preSolution
		{9E6FE019-47D3-2331-D480-D411C522B56E} = {1AE8ACA6-933B-BF2A-3671-3E2EAC007D16}
		{1A211D7F-E80D-2637-0185-B143974AD076} = {1AE8ACA6-933B-BF2A-3671-3E2EAC007D16}
		{6B6AF88B-53DF-6A5E-1AD8-60D8F5808D14} = {1AE8ACA6-933B-BF2A-3671-3E2EAC007D16}
		{D2B1FD86-F179-C3ED-DD2A-CD72036E8EEA} = {1AE8ACA6-933B-BF2A-3671-3E2EAC007D16}
		{AC924051-8136-D356-255F-6C31EE0CFA04} = {1AE8ACA6-933B-BF2A-3671-3E2EAC007D16}
	EndGlobalSection
	GlobalSection(ExtensibilityGlobals) = postSolution
		SolutionGuid = {91BB5FED-AF0C-4867-B248-0262D0928AC6}
	EndGlobalSection
EndGlobal
